{
  "requires": true,
  "lockfileVersion": 1,
  "dependencies": {
    "@types/escape-html": {
      "version": "0.0.20",
      "resolved": "https://registry.npmjs.org/@types/escape-html/-/escape-html-0.0.20.tgz",
      "integrity": "sha512-6dhZJLbA7aOwkYB2GDGdIqJ20wmHnkDzaxV9PJXe7O02I2dSFTERzRB6JrX6cWKaS+VqhhY7cQUMCbO5kloFUw=="
    }
  }
}
